
Microsoft Visual Studio Solution File, Format Version 12.00
# Visual Studio Version 16
VisualStudioVersion = 16.0.30225.117
MinimumVisualStudioVersion = 10.0.40219.1
Project("{FAE04EC0-301F-11D3-BF4B-00C04F79EFBC}") = "lab 3c math app", "lab 3c math app\lab 3c math app.csproj", "{A633D91B-606C-42E4-A84D-F4911629ED95}"
EndProject
Global
	GlobalSection(SolutionConfigurationPlatforms) = preSolution
		Debug|Any CPU = Debug|Any CPU
		Release|Any CPU = Release|Any CPU
	EndGlobalSection
	GlobalSection(ProjectConfigurationPlatforms) = postSolution
		{A633D91B-606C-42E4-A84D-F4911629ED95}.Debug|Any CPU.ActiveCfg = Debug|Any CPU
		{A633D91B-606C-42E4-A84D-F4911629ED95}.Debug|Any CPU.Build.0 = Debug|Any CPU
		{A633D91B-606C-42E4-A84D-F4911629ED95}.Release|Any CPU.ActiveCfg = Release|Any CPU
		{A633D91B-606C-42E4-A84D-F4911629ED95}.Release|Any CPU.Build.0 = Release|Any CPU
	EndGlobalSection
	GlobalSection(SolutionProperties) = preSolution
		HideSolutionNode = FALSE
	EndGlobalSection
	GlobalSection(ExtensibilityGlobals) = postSolution
		SolutionGuid = {1DDF150E-7370-4162-8478-9F958ACFBAA7}
	EndGlobalSection
EndGlobal
