
Microsoft Visual Studio Solution File, Format Version 12.00
# Visual Studio Version 16
VisualStudioVersion = 16.0.30225.117
MinimumVisualStudioVersion = 10.0.40219.1
Project("{FAE04EC0-301F-11D3-BF4B-00C04F79EFBC}") = "CodingPracticeWithMosh", "CodingPracticeWithMosh\CodingPracticeWithMosh.csproj", "{C5C4E435-1E21-4038-A90E-C1B5BFA269CB}"
EndProject
Global
	GlobalSection(SolutionConfigurationPlatforms) = preSolution
		Debug|Any CPU = Debug|Any CPU
		Release|Any CPU = Release|Any CPU
	EndGlobalSection
	GlobalSection(ProjectConfigurationPlatforms) = postSolution
		{C5C4E435-1E21-4038-A90E-C1B5BFA269CB}.Debug|Any CPU.ActiveCfg = Debug|Any CPU
		{C5C4E435-1E21-4038-A90E-C1B5BFA269CB}.Debug|Any CPU.Build.0 = Debug|Any CPU
		{C5C4E435-1E21-4038-A90E-C1B5BFA269CB}.Release|Any CPU.ActiveCfg = Release|Any CPU
		{C5C4E435-1E21-4038-A90E-C1B5BFA269CB}.Release|Any CPU.Build.0 = Release|Any CPU
	EndGlobalSection
	GlobalSection(SolutionProperties) = preSolution
		HideSolutionNode = FALSE
	EndGlobalSection
	GlobalSection(ExtensibilityGlobals) = postSolution
		SolutionGuid = {9293858D-5427-44CD-913C-0078912FED14}
	EndGlobalSection
EndGlobal
