
Microsoft Visual Studio Solution File, Format Version 12.00
# Visual Studio Version 16
VisualStudioVersion = 16.0.30517.126
MinimumVisualStudioVersion = 10.0.40219.1
Project("{FAE04EC0-301F-11D3-BF4B-00C04F79EFBC}") = "Prac", "Prac\Prac.csproj", "{B45F49D5-5857-41A8-B339-7E4CE3D6193E}"
EndProject
Global
	GlobalSection(SolutionConfigurationPlatforms) = preSolution
		Debug|Any CPU = Debug|Any CPU
		Release|Any CPU = Release|Any CPU
	EndGlobalSection
	GlobalSection(ProjectConfigurationPlatforms) = postSolution
		{B45F49D5-5857-41A8-B339-7E4CE3D6193E}.Debug|Any CPU.ActiveCfg = Debug|Any CPU
		{B45F49D5-5857-41A8-B339-7E4CE3D6193E}.Debug|Any CPU.Build.0 = Debug|Any CPU
		{B45F49D5-5857-41A8-B339-7E4CE3D6193E}.Release|Any CPU.ActiveCfg = Release|Any CPU
		{B45F49D5-5857-41A8-B339-7E4CE3D6193E}.Release|Any CPU.Build.0 = Release|Any CPU
	EndGlobalSection
	GlobalSection(SolutionProperties) = preSolution
		HideSolutionNode = FALSE
	EndGlobalSection
	GlobalSection(ExtensibilityGlobals) = postSolution
		SolutionGuid = {371660DF-9007-4678-B75C-161F23D665C2}
	EndGlobalSection
EndGlobal
