
Microsoft Visual Studio Solution File, Format Version 12.00
# Visual Studio Version 16
VisualStudioVersion = 16.0.30225.117
MinimumVisualStudioVersion = 10.0.40219.1
Project("{FAE04EC0-301F-11D3-BF4B-00C04F79EFBC}") = "FizzBuzz", "FizzBuzz\FizzBuzz.csproj", "{4503E7E3-6DCD-421F-81D2-423B474624A5}"
EndProject
Global
	GlobalSection(SolutionConfigurationPlatforms) = preSolution
		Debug|Any CPU = Debug|Any CPU
		Release|Any CPU = Release|Any CPU
	EndGlobalSection
	GlobalSection(ProjectConfigurationPlatforms) = postSolution
		{4503E7E3-6DCD-421F-81D2-423B474624A5}.Debug|Any CPU.ActiveCfg = Debug|Any CPU
		{4503E7E3-6DCD-421F-81D2-423B474624A5}.Debug|Any CPU.Build.0 = Debug|Any CPU
		{4503E7E3-6DCD-421F-81D2-423B474624A5}.Release|Any CPU.ActiveCfg = Release|Any CPU
		{4503E7E3-6DCD-421F-81D2-423B474624A5}.Release|Any CPU.Build.0 = Release|Any CPU
	EndGlobalSection
	GlobalSection(SolutionProperties) = preSolution
		HideSolutionNode = FALSE
	EndGlobalSection
	GlobalSection(ExtensibilityGlobals) = postSolution
		SolutionGuid = {5B530B0D-F8E4-440E-ACCE-355E1E5B106B}
	EndGlobalSection
EndGlobal
